{
    "_meta": {
        "hash": {
            "sha256": "98476ecba036cb0f4d9d630c4d45cdbc99015a36f303844fed042635d6e3c0e9"
        },
        "pipfile-spec": 6,
        "requires": {
            "python_version": "3.7"
        },
        "sources": [
            {
                "name": "pypi",
                "url": "https://pypi.org/simple",
                "verify_ssl": true
            }
        ]
    },
    "default": {
        "ghp-import": {
            "hashes": [
                "sha256:3e924ea720e4e1f82d56753db2154bfb86067472c5830732159c3a4c4fbc75d7"
            ],
            "index": "pypi",
            "version": "==0.5.5"
        }
    },
    "develop": {}
}
